github.com/dsoprea/go-ext4 v0.0.0-20190528173430-c13b09fc0ff8 h1:e3CYZInWqO0a3MWfD0WW/11Ki0qo3Fc1ZAHx0+whlhY=
github.com/dsoprea/go-ext4 v0.0.0-20190528173430-c13b09fc0ff8/go.mod h1:UBig4B62vBWtudYo4RJPwdV5Lqo+oeh7AtSCmRIkRPc=
github.com/dsoprea/go-logging v0.0.0-20200710184922-b02d349568dd h1:l+vLbuxptsC6VQyQsfD7NnEC8BZuFpz45PgY+pH8YTg=
github.com/dsoprea/go-logging v0.0.0-20200710184922-b02d349568dd/go.mod h1:7I+3Pe2o/YSU88W0hWlm9S22W7XI1JFNJ86U0zPKMf8=
github.com/go-errors/errors v1.0.2 h1:xMxH9j2fNg/L4hLn/4y3M0IUsn0M6Wbu/Uh9QlOfBh4=
github.com/go-errors/errors v1.0.2/go.mod h1:psDX2osz5VnTOnFWbDeWwS7yejl+uV3FEWEp4lssFEs=
github.com/google/btree v1.1.2 h1:xf4v41cLI2Z6FxbKm+8Bu+m8ifhj15JuZ9sa0jZCMUU=
github.com/google/btree v1.1.2/go.mod h1:qOPhT0dTNdNzV6Z/lhRX0YXUafgPLFUh+gZMl761Gm4=
github.com/pierrec/lz4/v4 v4.1.14 h1:+fL8AQEZtz/ijeNnpduH0bROTu0O3NZAlPjQxGn8LwE=
github.com/pierrec/lz4/v4 v4.1.14/go.mod h1:gZWDp/Ze/IJXGXf23ltt2EXimqmTUXEy0GFuRQyBid4=
github.com/u-root/u-root v0.14.0 h1:Ka4T10EEML7dQ5XDvO9c3MBN8z4nuSnGjcd1jmU2ivg=
github.com/u-root/u-root v0.14.0/go.mod h1:hAyZorapJe4qzbLWlAkmSVCJGbfoU9Pu4jpJ1WMluqE=
github.com/u-root/uio v0.0.0-20240209044354-b3d14b93376a h1:BH1SOPEvehD2kVrndDnGJiUF0TrBpNs+iyYocu6h0og=
github.com/u-root/uio v0.0.0-20240209044354-b3d14b93376a/go.mod h1:P3a5rG4X7tI17Nn3aOIAYr5HbIMukwXG0urG0WuL8OA=
github.com/usbarmory/GoTEE v0.0.0-20240606154617-69fca0e00ced h1:UqSCDwsRCVpWcJH7SIo8ngepUB57kmMJT9Xl8AkxcBU=
github.com/usbarmory/GoTEE v0.0.0-20240606154617-69fca0e00ced/go.mod h1:bi9wFN+UIvD5EXh6T2+4IZdWn6NA8x0IGzJpjzSawGY=
github.com/usbarmory/armory-boot v0.0.0-20240307133412-208c66a380b9 h1:2OiCct7Smv5aXX6XCtA9wR/a4DCBk2ClvvRwUix+/Rs=
github.com/usbarmory/armory-boot v0.0.0-20240307133412-208c66a380b9/go.mod h1:2qjfRWD0X1DE+3pdZi5x9tHBUkLSKaSEGtfcyXyVMvQ=
github.com/usbarmory/imx-usbnet v0.0.0-20240304152630-ca189bf3b3c1 h1:Ba8KE+wt6bvbAqnN0lKjRwtdX6ud8J7Z2X2Ds+crEJQ=
github.com/usbarmory/imx-usbnet v0.0.0-20240304152630-ca189bf3b3c1/go.mod h1:gJsQWSa5rjprEZb8/NqDzoOPxk6LTuEPsPiqpbrEUjw=
github.com/usbarmory/tamago v0.0.0-20240606154508-da58827195bf h1:DUqatEnKdkk8Q/KZkRveufAq0o1xHQPWWtoXdKd4ORM=
github.com/usbarmory/tamago v0.0.0-20240606154508-da58827195bf/go.mod h1:ZhT809fzFpHBXD0cW3RxTTuwEh9HJX7/ZUhmZNsIjM0=
golang.org/x/crypto v0.0.0-20190308221718-c2843e01d9a2/go.mod h1:djNgcEr1/C05ACkg1iLfiJU5Ep61QUkGW8qpdssI0+w=
golang.org/x/crypto v0.24.0 h1:mnl8DM0o513X8fdIkmyFE/5hTYxbwYOjDS/+rK6qpRI=
golang.org/x/crypto v0.24.0/go.mod h1:Z1PMYSOR5nyMcyAVAIQSKCDwalqy85Aqn1x3Ws4L5DM=
golang.org/x/exp v0.0.0-20240222234643-814bf88cf225 h1:LfspQV/FYTatPTr/3HzIcmiUFH7PGP+OQ6mgDYo3yuQ=
golang.org/x/exp v0.0.0-20240222234643-814bf88cf225/go.mod h1:CxmFvTBINI24O/j8iY7H1xHzx2i4OsyguNBmN/uPtqc=
golang.org/x/net v0.0.0-20200501053045-e0ff5e5a1de5/go.mod h1:qpuaurCH72eLCgpAm/N6yyVIVM9cpaDIP3A8BGJEC5A=
golang.org/x/net v0.21.0 h1:AQyQV4dYCvJ7vGmJyKki9+PBdyvhkSd8EIx/qb0AYv4=
golang.org/x/net v0.21.0/go.mod h1:bIjVDfnllIU7BJ2DNgfnXvpSvtn8VRwhlsaeUTyUS44=
golang.org/x/sync v0.6.0 h1:5BMeUDZ7vkXGfEr1x9B4bRcTH4lpkTkpdh0T/J+qjbQ=
golang.org/x/sync v0.6.0/go.mod h1:Czt+wKu1gCyEFDUtn0jG5QVvpJ6rzVqr5aXyt9drQfk=
golang.org/x/sys v0.0.0-20190215142949-d0b11bdaac8a/go.mod h1:STP8DvDyc/dI5b8T5hshtkjS+E42TnysNCUPdjciGhY=
golang.org/x/sys v0.0.0-20200323222414-85ca7c5b95cd/go.mod h1:h1NjWce9XRLGQEsW7wpKNCjG9DtNlClVuFLEZdDNbEs=
golang.org/x/sys v0.21.0 h1:rF+pYz3DAGSQAxAu1CbC7catZg4ebC4UIeIhKxBZvws=
golang.org/x/sys v0.21.0/go.mod h1:/VUhepiaJMQUp4+oa/7Zr1D23ma6VTLIYjOOTFZPUcA=
golang.org/x/term v0.21.0 h1:WVXCp+/EBEHOj53Rvu+7KiT/iElMrO8ACK16SMZ3jaA=
golang.org/x/term v0.21.0/go.mod h1:ooXLefLobQVslOqselCNF4SxFAaoS6KujMbsGzSDmX0=
golang.org/x/text v0.3.0/go.mod h1:NqM8EUOU14njkJ3fqMW+pc6Ldnwhi/IjpwHt7yyuwOQ=
golang.org/x/time v0.5.0 h1:o7cqy6amK/52YcAKIPlM3a+Fpj35zvRj2TP+e1xFSfk=
golang.org/x/time v0.5.0/go.mod h1:3BpzKBy/shNhVucY/MWOyx10tF3SFh9QdLuxbVysPQM=
gvisor.dev/gvisor v0.0.0-20240303010120-901d232cd101 h1:CWRJeXAL2jYZUJ01nRvS/b4+UxZM+/Iwkv5aQcUHRaI=
gvisor.dev/gvisor v0.0.0-20240303010120-901d232cd101/go.mod h1:NQHVAzMwvZ+Qe3ElSiHmq9RUm1MdNHpUZ52fiEqvn+0=
