github.com/dsoprea/go-ext4 v0.0.0-20190528173430-c13b09fc0ff8 h1:e3CYZInWqO0a3MWfD0WW/11Ki0qo3Fc1ZAHx0+whlhY=
github.com/dsoprea/go-ext4 v0.0.0-20190528173430-c13b09fc0ff8/go.mod h1:UBig4B62vBWtudYo4RJPwdV5Lqo+oeh7AtSCmRIkRPc=
github.com/dsoprea/go-logging v0.0.0-20200710184922-b02d349568dd h1:l+vLbuxptsC6VQyQsfD7NnEC8BZuFpz45PgY+pH8YTg=
github.com/dsoprea/go-logging v0.0.0-20200710184922-b02d349568dd/go.mod h1:7I+3Pe2o/YSU88W0hWlm9S22W7XI1JFNJ86U0zPKMf8=
github.com/go-errors/errors v1.0.2/go.mod h1:psDX2osz5VnTOnFWbDeWwS7yejl+uV3FEWEp4lssFEs=
github.com/go-errors/errors v1.4.2 h1:J6MZopCL4uSllY1OfXM374weqZFFItUbrImctkmUxIA=
github.com/go-errors/errors v1.4.2/go.mod h1:sIVyrIiJhuEF+Pj9Ebtd6P/rEYROXFi3BopGUQ5a5Og=
github.com/google/btree v1.1.2 h1:xf4v41cLI2Z6FxbKm+8Bu+m8ifhj15JuZ9sa0jZCMUU=
github.com/google/btree v1.1.2/go.mod h1:qOPhT0dTNdNzV6Z/lhRX0YXUafgPLFUh+gZMl761Gm4=
github.com/pierrec/lz4/v4 v4.1.15 h1:MO0/ucJhngq7299dKLwIMtgTfbkoSPF6AoMYDd8Q4q0=
github.com/pierrec/lz4/v4 v4.1.15/go.mod h1:gZWDp/Ze/IJXGXf23ltt2EXimqmTUXEy0GFuRQyBid4=
github.com/u-root/u-root v0.8.0 h1:jqP7uPC2+0eRszYTrmdZ6UDyO1Dbuy0rpMo+BnPZ9cY=
github.com/u-root/u-root v0.8.0/go.mod h1:But1FHzS4Ua4ywx6kZOaRzZTucUKIDKOPOLEKOckQ68=
github.com/usbarmory/GoTEE v0.0.0-20220823090251-13bcfad4d1b5 h1:GFkyyuUXCh9bBMVqoZrnV5xi/xZpb44V/SMlcNDvu00=
github.com/usbarmory/GoTEE v0.0.0-20220823090251-13bcfad4d1b5/go.mod h1:bbXc8XVrCd3LzJuFUM8LiApKUEL2+snResgbNiRVbwE=
github.com/usbarmory/armory-boot v0.0.0-20220823090723-6e320c947cc5 h1:EP7BhNuXBbj4JgOG2v/aJ8FT4DfGI8+QiKDTXznkNqQ=
github.com/usbarmory/armory-boot v0.0.0-20220823090723-6e320c947cc5/go.mod h1:L7h6USJoLEZPXddKTUBD2y8+6B/pEFQcu9c+6jo3Ua0=
github.com/usbarmory/imx-usbnet v0.0.0-20220823085604-c95a75bed426 h1:Kofow8IwWuVvac322jOHPgFLeOf002IK9c9TzPlMJ0g=
github.com/usbarmory/imx-usbnet v0.0.0-20220823085604-c95a75bed426/go.mod h1:yJiDKgtOyXn3uH5RXB/MvaGTFDuX0O4Xkl6t+8GRg2Q=
github.com/usbarmory/tamago v0.0.0-20220823080407-04f05cf2a5a3 h1:OgWngXmohy/sxTnHm7uStq0YlMkH0J+JY2HnBCv6fn0=
github.com/usbarmory/tamago v0.0.0-20220823080407-04f05cf2a5a3/go.mod h1:Lok79mjbJnhoBGqhX5cCUsZtSemsQF5FNZW+2R1dRr8=
golang.org/x/crypto v0.0.0-20190308221718-c2843e01d9a2/go.mod h1:djNgcEr1/C05ACkg1iLfiJU5Ep61QUkGW8qpdssI0+w=
golang.org/x/crypto v0.0.0-20220817201139-bc19a97f63c8 h1:GIAS/yBem/gq2MUqgNIzUHW7cJMmx3TGZOrnyYaNQ6c=
golang.org/x/crypto v0.0.0-20220817201139-bc19a97f63c8/go.mod h1:IxCIyHEi3zRg3s0A5j5BB6A9Jmi73HwBIUl50j+osU4=
golang.org/x/net v0.0.0-20200501053045-e0ff5e5a1de5/go.mod h1:qpuaurCH72eLCgpAm/N6yyVIVM9cpaDIP3A8BGJEC5A=
golang.org/x/net v0.0.0-20220822230855-b0a4917ee28c h1:JVAXQ10yGGVbSyoer5VILysz6YKjdNT2bsvlayjqhes=
golang.org/x/net v0.0.0-20220822230855-b0a4917ee28c/go.mod h1:YDH+HFinaLZZlnHAfSS6ZXJJ9M9t4Dl22yv3iI2vPwk=
golang.org/x/sync v0.0.0-20220819030929-7fc1605a5dde h1:ejfdSekXMDxDLbRrJMwUk6KnSLZ2McaUCVcIKM+N6jc=
golang.org/x/sync v0.0.0-20220819030929-7fc1605a5dde/go.mod h1:RxMgew5VJxzue5/jJTE5uejpjVlOe/izrB70Jof72aM=
golang.org/x/sys v0.0.0-20190215142949-d0b11bdaac8a/go.mod h1:STP8DvDyc/dI5b8T5hshtkjS+E42TnysNCUPdjciGhY=
golang.org/x/sys v0.0.0-20200323222414-85ca7c5b95cd/go.mod h1:h1NjWce9XRLGQEsW7wpKNCjG9DtNlClVuFLEZdDNbEs=
golang.org/x/sys v0.0.0-20220818161305-2296e01440c6 h1:Sx/u41w+OwrInGdEckYmEuU5gHoGSL4QbDz3S9s6j4U=
golang.org/x/sys v0.0.0-20220818161305-2296e01440c6/go.mod h1:oPkhp1MJrh7nUepCBck5+mAzfO9JrbApNNgaTdGDITg=
golang.org/x/term v0.0.0-20220526004731-065cf7ba2467 h1:CBpWXWQpIRjzmkkA+M7q9Fqnwd2mZr3AFqexg8YTfoM=
golang.org/x/term v0.0.0-20220526004731-065cf7ba2467/go.mod h1:jbD1KX2456YbFQfuXm/mYQcufACuNUgVhRMnK/tPxf8=
golang.org/x/text v0.3.0/go.mod h1:NqM8EUOU14njkJ3fqMW+pc6Ldnwhi/IjpwHt7yyuwOQ=
golang.org/x/time v0.0.0-20220722155302-e5dcc9cfc0b9 h1:ftMN5LMiBFjbzleLqtoBZk7KdJwhuybIU+FckUHgoyQ=
golang.org/x/time v0.0.0-20220722155302-e5dcc9cfc0b9/go.mod h1:tRJNPiyCQ0inRvYxbN9jk5I+vvW/OXSQhTDSoE431IQ=
gvisor.dev/gvisor v0.0.0-20220714043431-1868ba74ac26 h1:wJAPS+0X3oucN0xsgG8J9pCEu1fpu9azecrthIwr4dw=
gvisor.dev/gvisor v0.0.0-20220714043431-1868ba74ac26/go.mod h1:TIvkJD0sxe8pIob3p6T8IzxXunlp6yfgktvTNp+DGNM=
