github.com/dsoprea/go-ext4 v0.0.0-20190528173430-c13b09fc0ff8 h1:e3CYZInWqO0a3MWfD0WW/11Ki0qo3Fc1ZAHx0+whlhY=
github.com/dsoprea/go-ext4 v0.0.0-20190528173430-c13b09fc0ff8/go.mod h1:UBig4B62vBWtudYo4RJPwdV5Lqo+oeh7AtSCmRIkRPc=
github.com/dsoprea/go-logging v0.0.0-20200710184922-b02d349568dd h1:l+vLbuxptsC6VQyQsfD7NnEC8BZuFpz45PgY+pH8YTg=
github.com/dsoprea/go-logging v0.0.0-20200710184922-b02d349568dd/go.mod h1:7I+3Pe2o/YSU88W0hWlm9S22W7XI1JFNJ86U0zPKMf8=
github.com/go-errors/errors v1.0.2/go.mod h1:psDX2osz5VnTOnFWbDeWwS7yejl+uV3FEWEp4lssFEs=
github.com/go-errors/errors v1.4.2 h1:J6MZopCL4uSllY1OfXM374weqZFFItUbrImctkmUxIA=
github.com/go-errors/errors v1.4.2/go.mod h1:sIVyrIiJhuEF+Pj9Ebtd6P/rEYROXFi3BopGUQ5a5Og=
github.com/google/btree v1.1.2 h1:xf4v41cLI2Z6FxbKm+8Bu+m8ifhj15JuZ9sa0jZCMUU=
github.com/google/btree v1.1.2/go.mod h1:qOPhT0dTNdNzV6Z/lhRX0YXUafgPLFUh+gZMl761Gm4=
github.com/pierrec/lz4/v4 v4.1.15 h1:MO0/ucJhngq7299dKLwIMtgTfbkoSPF6AoMYDd8Q4q0=
github.com/pierrec/lz4/v4 v4.1.15/go.mod h1:gZWDp/Ze/IJXGXf23ltt2EXimqmTUXEy0GFuRQyBid4=
github.com/u-root/u-root v0.8.0 h1:jqP7uPC2+0eRszYTrmdZ6UDyO1Dbuy0rpMo+BnPZ9cY=
github.com/u-root/u-root v0.8.0/go.mod h1:But1FHzS4Ua4ywx6kZOaRzZTucUKIDKOPOLEKOckQ68=
github.com/usbarmory/GoTEE v0.0.0-20220929091057-287e06d47646 h1:F6L3Mu5t90QItuTQZ7VvcEovs2RqUxwff6Hp8BCKBCM=
github.com/usbarmory/GoTEE v0.0.0-20220929091057-287e06d47646/go.mod h1:QLqbhiPRJuqa33DLaz7oTIDVDR8GSn+MamjDSi2TRjc=
github.com/usbarmory/armory-boot v0.0.0-20220915183642-562f4040362b h1:Kp8LOHrKiyQqOKt0WoEJcUflLOwdm9HS5AIJ2I4tGSs=
github.com/usbarmory/armory-boot v0.0.0-20220915183642-562f4040362b/go.mod h1:rFVLMRSn/cNWvkCKBj3PHKh1tTDP0a7EFggJrT27HTc=
github.com/usbarmory/crucible v0.0.0-20220823085715-c9e97b45a8b2 h1:dxJotkRF+Ns8mRgp5BQh5j2l6xwcfTWlMd7Xge3qv3Y=
github.com/usbarmory/crucible v0.0.0-20220823085715-c9e97b45a8b2/go.mod h1:/tDFfTW0y+CtcKzAPmIREQIDpzCuOmLpN8UxHh/iMls=
github.com/usbarmory/imx-usbnet v0.0.0-20220823085604-c95a75bed426 h1:Kofow8IwWuVvac322jOHPgFLeOf002IK9c9TzPlMJ0g=
github.com/usbarmory/imx-usbnet v0.0.0-20220823085604-c95a75bed426/go.mod h1:yJiDKgtOyXn3uH5RXB/MvaGTFDuX0O4Xkl6t+8GRg2Q=
github.com/usbarmory/tamago v0.0.0-20220916102621-01abb56514fc h1:C0ItsZZRyVCQHXxIR9xTOCdDd9vRmkWnlV6KguGQxkQ=
github.com/usbarmory/tamago v0.0.0-20220916102621-01abb56514fc/go.mod h1:Lok79mjbJnhoBGqhX5cCUsZtSemsQF5FNZW+2R1dRr8=
github.com/usbarmory/tamago v0.0.0-20220919125506-41c6a5bbdca3 h1:nWhbM/W6FWHsS/xGSfkzATl8xdS6mhsmY7NftRPHWRM=
github.com/usbarmory/tamago v0.0.0-20220919125506-41c6a5bbdca3/go.mod h1:Lok79mjbJnhoBGqhX5cCUsZtSemsQF5FNZW+2R1dRr8=
go.mozilla.org/pkcs7 v0.0.0-20210826202110-33d05740a352 h1:CCriYyAfq1Br1aIYettdHZTy8mBTIPo7We18TuO/bak=
go.mozilla.org/pkcs7 v0.0.0-20210826202110-33d05740a352/go.mod h1:SNgMg+EgDFwmvSmLRTNKC5fegJjB7v23qTQ0XLGUNHk=
golang.org/x/crypto v0.0.0-20190308221718-c2843e01d9a2/go.mod h1:djNgcEr1/C05ACkg1iLfiJU5Ep61QUkGW8qpdssI0+w=
golang.org/x/crypto v0.0.0-20220829220503-c86fa9a7ed90 h1:Y/gsMcFOcR+6S6f3YeMKl5g+dZMEWqcz5Czj/GWYbkM=
golang.org/x/crypto v0.0.0-20220829220503-c86fa9a7ed90/go.mod h1:IxCIyHEi3zRg3s0A5j5BB6A9Jmi73HwBIUl50j+osU4=
golang.org/x/net v0.0.0-20200501053045-e0ff5e5a1de5/go.mod h1:qpuaurCH72eLCgpAm/N6yyVIVM9cpaDIP3A8BGJEC5A=
golang.org/x/net v0.0.0-20220826154423-83b083e8dc8b h1:ZmngSVLe/wycRns9MKikG9OWIEjGcGAkacif7oYQaUY=
golang.org/x/net v0.0.0-20220826154423-83b083e8dc8b/go.mod h1:YDH+HFinaLZZlnHAfSS6ZXJJ9M9t4Dl22yv3iI2vPwk=
golang.org/x/sync v0.0.0-20220907140024-f12130a52804 h1:0SH2R3f1b1VmIMG7BXbEZCBUu2dKmHschSmjqGUrW8A=
golang.org/x/sync v0.0.0-20220907140024-f12130a52804/go.mod h1:RxMgew5VJxzue5/jJTE5uejpjVlOe/izrB70Jof72aM=
golang.org/x/sys v0.0.0-20190215142949-d0b11bdaac8a/go.mod h1:STP8DvDyc/dI5b8T5hshtkjS+E42TnysNCUPdjciGhY=
golang.org/x/sys v0.0.0-20200323222414-85ca7c5b95cd/go.mod h1:h1NjWce9XRLGQEsW7wpKNCjG9DtNlClVuFLEZdDNbEs=
golang.org/x/sys v0.0.0-20220913175220-63ea55921009 h1:PuvuRMeLWqsf/ZdT1UUZz0syhioyv1mzuFZsXs4fvhw=
golang.org/x/sys v0.0.0-20220913175220-63ea55921009/go.mod h1:oPkhp1MJrh7nUepCBck5+mAzfO9JrbApNNgaTdGDITg=
golang.org/x/term v0.0.0-20220722155259-a9ba230a4035 h1:Q5284mrmYTpACcm+eAKjKJH48BBwSyfJqmmGDTtT8Vc=
golang.org/x/term v0.0.0-20220722155259-a9ba230a4035/go.mod h1:jbD1KX2456YbFQfuXm/mYQcufACuNUgVhRMnK/tPxf8=
golang.org/x/text v0.3.0/go.mod h1:NqM8EUOU14njkJ3fqMW+pc6Ldnwhi/IjpwHt7yyuwOQ=
golang.org/x/time v0.0.0-20220722155302-e5dcc9cfc0b9 h1:ftMN5LMiBFjbzleLqtoBZk7KdJwhuybIU+FckUHgoyQ=
golang.org/x/time v0.0.0-20220722155302-e5dcc9cfc0b9/go.mod h1:tRJNPiyCQ0inRvYxbN9jk5I+vvW/OXSQhTDSoE431IQ=
gvisor.dev/gvisor v0.0.0-20220714043431-1868ba74ac26 h1:wJAPS+0X3oucN0xsgG8J9pCEu1fpu9azecrthIwr4dw=
gvisor.dev/gvisor v0.0.0-20220714043431-1868ba74ac26/go.mod h1:TIvkJD0sxe8pIob3p6T8IzxXunlp6yfgktvTNp+DGNM=
